
Microsoft Visual Studio Solution File, Format Version 12.00
# Visual Studio 15
VisualStudioVersion = 15.0.27703.2042
MinimumVisualStudioVersion = 10.0.40219.1
Project("{9A19103F-16F7-4668-BE54-9A1E7A4F7556}") = "ChatBot", "ChatBot\ChatBot.csproj", "{D526E352-A72E-4A65-AEB4-0AEE3EB9A86D}"
EndProject
Project("{9A19103F-16F7-4668-BE54-9A1E7A4F7556}") = "BLL", "BLL\BLL.csproj", "{90124B16-5993-4B58-BF90-1D22F6F2AA49}"
EndProject
Project("{9A19103F-16F7-4668-BE54-9A1E7A4F7556}") = "Tester", "Tester\Tester.csproj", "{2C8E899E-BB59-45E1-991F-EB0D73101398}"
EndProject
Global
	GlobalSection(SolutionConfigurationPlatforms) = preSolution
		Debug|Any CPU = Debug|Any CPU
		Release|Any CPU = Release|Any CPU
	EndGlobalSection
	GlobalSection(ProjectConfigurationPlatforms) = postSolution
		{D526E352-A72E-4A65-AEB4-0AEE3EB9A86D}.Debug|Any CPU.ActiveCfg = Debug|Any CPU
		{D526E352-A72E-4A65-AEB4-0AEE3EB9A86D}.Debug|Any CPU.Build.0 = Debug|Any CPU
		{D526E352-A72E-4A65-AEB4-0AEE3EB9A86D}.Release|Any CPU.ActiveCfg = Release|Any CPU
		{D526E352-A72E-4A65-AEB4-0AEE3EB9A86D}.Release|Any CPU.Build.0 = Release|Any CPU
		{90124B16-5993-4B58-BF90-1D22F6F2AA49}.Debug|Any CPU.ActiveCfg = Debug|Any CPU
		{90124B16-5993-4B58-BF90-1D22F6F2AA49}.Debug|Any CPU.Build.0 = Debug|Any CPU
		{90124B16-5993-4B58-BF90-1D22F6F2AA49}.Release|Any CPU.ActiveCfg = Release|Any CPU
		{90124B16-5993-4B58-BF90-1D22F6F2AA49}.Release|Any CPU.Build.0 = Release|Any CPU
		{2C8E899E-BB59-45E1-991F-EB0D73101398}.Debug|Any CPU.ActiveCfg = Debug|Any CPU
		{2C8E899E-BB59-45E1-991F-EB0D73101398}.Debug|Any CPU.Build.0 = Debug|Any CPU
		{2C8E899E-BB59-45E1-991F-EB0D73101398}.Release|Any CPU.ActiveCfg = Release|Any CPU
		{2C8E899E-BB59-45E1-991F-EB0D73101398}.Release|Any CPU.Build.0 = Release|Any CPU
	EndGlobalSection
	GlobalSection(SolutionProperties) = preSolution
		HideSolutionNode = FALSE
	EndGlobalSection
	GlobalSection(ExtensibilityGlobals) = postSolution
		SolutionGuid = {D1E1ED19-38F1-475E-BA5A-E7C018273247}
	EndGlobalSection
EndGlobal
